{
	"name": "zod-example",
	"version": "1.0.0",
	"lockfileVersion": 3,
	"requires": true,
	"packages": {
		"": {
			"name": "zod-example",
			"version": "1.0.0",
			"dependencies": {
				"@koa/cors": "^4.0.0",
				"@koa/router": "^12.0.0",
				"koa": "^2.14.2",
				"zod": "^3.21.4"
			},
			"devDependencies": {
				"@types/koa": "^2.13.6",
				"@types/koa__cors": "^4.0.0",
				"@types/koa__router": "^12.0.0",
				"prettier": "^3.0.0",
				"ts-node": "^10.9.1",
				"typescript": "^5.1.6"
			}
		},
		"node_modules/@cspotcode/source-map-support": {
			"version": "0.8.1",
			"dev": true,
			"license": "MIT",
			"dependencies": {
				"@jridgewell/trace-mapping": "0.3.9"
			},
			"engines": {
				"node": ">=12"
			}
		},
		"node_modules/@cspotcode/source-map-support/node_modules/@jridgewell/resolve-uri": {
			"version": "3.1.1",
			"dev": true,
			"license": "MIT",
			"engines": {
				"node": ">=6.0.0"
			}
		},
		"node_modules/@cspotcode/source-map-support/node_modules/@jridgewell/sourcemap-codec": {
			"version": "1.4.15",
			"dev": true,
			"license": "MIT"
		},
		"node_modules/@cspotcode/source-map-support/node_modules/@jridgewell/trace-mapping": {
			"version": "0.3.9",
			"dev": true,
			"license": "MIT",
			"dependencies": {
				"@jridgewell/resolve-uri": "^3.0.3",
				"@jridgewell/sourcemap-codec": "^1.4.10"
			}
		},
		"node_modules/@koa/cors": {
			"version": "4.0.0",
			"license": "MIT",
			"dependencies": {
				"vary": "^1.1.2"
			},
			"engines": {
				"node": ">= 14.0.0"
			}
		},
		"node_modules/@koa/router": {
			"version": "12.0.0",
			"license": "MIT",
			"dependencies": {
				"http-errors": "^2.0.0",
				"koa-compose": "^4.1.0",
				"methods": "^1.1.2",
				"path-to-regexp": "^6.2.1"
			},
			"engines": {
				"node": ">= 12"
			}
		},
		"node_modules/@tsconfig/node10": {
			"version": "1.0.9",
			"dev": true,
			"license": "MIT"
		},
		"node_modules/@tsconfig/node12": {
			"version": "1.0.11",
			"dev": true,
			"license": "MIT"
		},
		"node_modules/@tsconfig/node14": {
			"version": "1.0.3",
			"dev": true,
			"license": "MIT"
		},
		"node_modules/@tsconfig/node16": {
			"version": "1.0.3",
			"dev": true,
			"license": "MIT"
		},
		"node_modules/@types/accepts": {
			"version": "1.3.5",
			"dev": true,
			"license": "MIT",
			"dependencies": {
				"@types/node": "*"
			}
		},
		"node_modules/@types/body-parser": {
			"version": "1.19.2",
			"dev": true,
			"license": "MIT",
			"dependencies": {
				"@types/connect": "*",
				"@types/node": "*"
			}
		},
		"node_modules/@types/connect": {
			"version": "3.4.35",
			"dev": true,
			"license": "MIT",
			"dependencies": {
				"@types/node": "*"
			}
		},
		"node_modules/@types/content-disposition": {
			"version": "0.5.5",
			"dev": true,
			"license": "MIT"
		},
		"node_modules/@types/cookies": {
			"version": "0.7.7",
			"dev": true,
			"license": "MIT",
			"dependencies": {
				"@types/connect": "*",
				"@types/express": "*",
				"@types/keygrip": "*",
				"@types/node": "*"
			}
		},
		"node_modules/@types/express": {
			"version": "4.17.17",
			"dev": true,
			"license": "MIT",
			"dependencies": {
				"@types/body-parser": "*",
				"@types/express-serve-static-core": "^4.17.33",
				"@types/qs": "*",
				"@types/serve-static": "*"
			}
		},
		"node_modules/@types/express-serve-static-core": {
			"version": "4.17.33",
			"dev": true,
			"license": "MIT",
			"dependencies": {
				"@types/node": "*",
				"@types/qs": "*",
				"@types/range-parser": "*"
			}
		},
		"node_modules/@types/http-assert": {
			"version": "1.5.3",
			"dev": true,
			"license": "MIT"
		},
		"node_modules/@types/http-errors": {
			"version": "2.0.1",
			"dev": true,
			"license": "MIT"
		},
		"node_modules/@types/keygrip": {
			"version": "1.0.2",
			"dev": true,
			"license": "MIT"
		},
		"node_modules/@types/koa": {
			"version": "2.13.6",
			"dev": true,
			"license": "MIT",
			"dependencies": {
				"@types/accepts": "*",
				"@types/content-disposition": "*",
				"@types/cookies": "*",
				"@types/http-assert": "*",
				"@types/http-errors": "*",
				"@types/keygrip": "*",
				"@types/koa-compose": "*",
				"@types/node": "*"
			}
		},
		"node_modules/@types/koa__cors": {
			"version": "4.0.0",
			"dev": true,
			"license": "MIT",
			"dependencies": {
				"@types/koa": "*"
			}
		},
		"node_modules/@types/koa__router": {
			"version": "12.0.0",
			"dev": true,
			"license": "MIT",
			"dependencies": {
				"@types/koa": "*"
			}
		},
		"node_modules/@types/koa-compose": {
			"version": "3.2.5",
			"dev": true,
			"license": "MIT",
			"dependencies": {
				"@types/koa": "*"
			}
		},
		"node_modules/@types/mime": {
			"version": "3.0.1",
			"dev": true,
			"license": "MIT"
		},
		"node_modules/@types/node": {
			"version": "18.15.11",
			"dev": true,
			"license": "MIT"
		},
		"node_modules/@types/qs": {
			"version": "6.9.7",
			"dev": true,
			"license": "MIT"
		},
		"node_modules/@types/range-parser": {
			"version": "1.2.4",
			"dev": true,
			"license": "MIT"
		},
		"node_modules/@types/serve-static": {
			"version": "1.15.1",
			"dev": true,
			"license": "MIT",
			"dependencies": {
				"@types/mime": "*",
				"@types/node": "*"
			}
		},
		"node_modules/accepts": {
			"version": "1.3.8",
			"license": "MIT",
			"dependencies": {
				"mime-types": "~2.1.34",
				"negotiator": "0.6.3"
			},
			"engines": {
				"node": ">= 0.6"
			}
		},
		"node_modules/acorn": {
			"version": "8.8.2",
			"dev": true,
			"license": "MIT",
			"bin": {
				"acorn": "bin/acorn"
			},
			"engines": {
				"node": ">=0.4.0"
			}
		},
		"node_modules/acorn-walk": {
			"version": "8.2.0",
			"dev": true,
			"license": "MIT",
			"engines": {
				"node": ">=0.4.0"
			}
		},
		"node_modules/arg": {
			"version": "4.1.3",
			"dev": true,
			"license": "MIT"
		},
		"node_modules/cache-content-type": {
			"version": "1.0.1",
			"license": "MIT",
			"dependencies": {
				"mime-types": "^2.1.18",
				"ylru": "^1.2.0"
			},
			"engines": {
				"node": ">= 6.0.0"
			}
		},
		"node_modules/cache-content-type/node_modules/ylru": {
			"version": "1.3.2",
			"license": "MIT",
			"engines": {
				"node": ">= 4.0.0"
			}
		},
		"node_modules/content-disposition": {
			"version": "0.5.4",
			"license": "MIT",
			"dependencies": {
				"safe-buffer": "5.2.1"
			},
			"engines": {
				"node": ">= 0.6"
			}
		},
		"node_modules/content-type": {
			"version": "1.0.5",
			"license": "MIT",
			"engines": {
				"node": ">= 0.6"
			}
		},
		"node_modules/cookies": {
			"version": "0.8.0",
			"license": "MIT",
			"dependencies": {
				"depd": "~2.0.0",
				"keygrip": "~1.1.0"
			},
			"engines": {
				"node": ">= 0.8"
			}
		},
		"node_modules/cookies/node_modules/keygrip": {
			"version": "1.1.0",
			"license": "MIT",
			"dependencies": {
				"tsscmp": "1.0.6"
			},
			"engines": {
				"node": ">= 0.6"
			}
		},
		"node_modules/cookies/node_modules/tsscmp": {
			"version": "1.0.6",
			"license": "MIT",
			"engines": {
				"node": ">=0.6.x"
			}
		},
		"node_modules/create-require": {
			"version": "1.1.1",
			"dev": true,
			"license": "MIT"
		},
		"node_modules/debug": {
			"version": "4.3.4",
			"license": "MIT",
			"dependencies": {
				"ms": "2.1.2"
			},
			"engines": {
				"node": ">=6.0"
			},
			"peerDependenciesMeta": {
				"supports-color": {
					"optional": true
				}
			}
		},
		"node_modules/delegates": {
			"version": "1.0.0",
			"license": "MIT"
		},
		"node_modules/depd": {
			"version": "2.0.0",
			"license": "MIT",
			"engines": {
				"node": ">= 0.8"
			}
		},
		"node_modules/destroy": {
			"version": "1.2.0",
			"license": "MIT",
			"engines": {
				"node": ">= 0.8",
				"npm": "1.2.8000 || >= 1.4.16"
			}
		},
		"node_modules/diff": {
			"version": "4.0.2",
			"dev": true,
			"license": "BSD-3-Clause",
			"engines": {
				"node": ">=0.3.1"
			}
		},
		"node_modules/encodeurl": {
			"version": "1.0.2",
			"license": "MIT",
			"engines": {
				"node": ">= 0.8"
			}
		},
		"node_modules/escape-html": {
			"version": "1.0.3",
			"license": "MIT"
		},
		"node_modules/fresh": {
			"version": "0.5.2",
			"license": "MIT",
			"engines": {
				"node": ">= 0.6"
			}
		},
		"node_modules/http-assert": {
			"version": "1.5.0",
			"license": "MIT",
			"dependencies": {
				"deep-equal": "~1.0.1",
				"http-errors": "~1.8.0"
			},
			"engines": {
				"node": ">= 0.8"
			}
		},
		"node_modules/http-assert/node_modules/deep-equal": {
			"version": "1.0.1",
			"license": "MIT"
		},
		"node_modules/http-assert/node_modules/depd": {
			"version": "1.1.2",
			"license": "MIT",
			"engines": {
				"node": ">= 0.6"
			}
		},
		"node_modules/http-assert/node_modules/http-errors": {
			"version": "1.8.1",
			"license": "MIT",
			"dependencies": {
				"depd": "~1.1.2",
				"inherits": "2.0.4",
				"setprototypeof": "1.2.0",
				"statuses": ">= 1.5.0 < 2",
				"toidentifier": "1.0.1"
			},
			"engines": {
				"node": ">= 0.6"
			}
		},
		"node_modules/http-assert/node_modules/statuses": {
			"version": "1.5.0",
			"license": "MIT",
			"engines": {
				"node": ">= 0.6"
			}
		},
		"node_modules/http-errors": {
			"version": "2.0.0",
			"license": "MIT",
			"dependencies": {
				"depd": "2.0.0",
				"inherits": "2.0.4",
				"setprototypeof": "1.2.0",
				"statuses": "2.0.1",
				"toidentifier": "1.0.1"
			},
			"engines": {
				"node": ">= 0.8"
			}
		},
		"node_modules/inherits": {
			"version": "2.0.4",
			"license": "ISC"
		},
		"node_modules/is-generator-function": {
			"version": "1.0.10",
			"license": "MIT",
			"dependencies": {
				"has-tostringtag": "^1.0.0"
			},
			"engines": {
				"node": ">= 0.4"
			},
			"funding": {
				"url": "https://github.com/sponsors/ljharb"
			}
		},
		"node_modules/is-generator-function/node_modules/has-symbols": {
			"version": "1.0.3",
			"license": "MIT",
			"engines": {
				"node": ">= 0.4"
			},
			"funding": {
				"url": "https://github.com/sponsors/ljharb"
			}
		},
		"node_modules/is-generator-function/node_modules/has-tostringtag": {
			"version": "1.0.0",
			"license": "MIT",
			"dependencies": {
				"has-symbols": "^1.0.2"
			},
			"engines": {
				"node": ">= 0.4"
			},
			"funding": {
				"url": "https://github.com/sponsors/ljharb"
			}
		},
		"node_modules/koa": {
			"version": "2.14.2",
			"resolved": "https://registry.npmjs.org/koa/-/koa-2.14.2.tgz",
			"integrity": "sha512-VFI2bpJaodz6P7x2uyLiX6RLYpZmOJqNmoCst/Yyd7hQlszyPwG/I9CQJ63nOtKSxpt5M7NH67V6nJL2BwCl7g==",
			"dependencies": {
				"accepts": "^1.3.5",
				"cache-content-type": "^1.0.0",
				"content-disposition": "~0.5.2",
				"content-type": "^1.0.4",
				"cookies": "~0.8.0",
				"debug": "^4.3.2",
				"delegates": "^1.0.0",
				"depd": "^2.0.0",
				"destroy": "^1.0.4",
				"encodeurl": "^1.0.2",
				"escape-html": "^1.0.3",
				"fresh": "~0.5.2",
				"http-assert": "^1.3.0",
				"http-errors": "^1.6.3",
				"is-generator-function": "^1.0.7",
				"koa-compose": "^4.1.0",
				"koa-convert": "^2.0.0",
				"on-finished": "^2.3.0",
				"only": "~0.0.2",
				"parseurl": "^1.3.2",
				"statuses": "^1.5.0",
				"type-is": "^1.6.16",
				"vary": "^1.1.2"
			},
			"engines": {
				"node": "^4.8.4 || ^6.10.1 || ^7.10.1 || >= 8.1.4"
			}
		},
		"node_modules/koa-compose": {
			"version": "4.1.0",
			"license": "MIT"
		},
		"node_modules/koa-convert": {
			"version": "2.0.0",
			"license": "MIT",
			"dependencies": {
				"co": "^4.6.0",
				"koa-compose": "^4.1.0"
			},
			"engines": {
				"node": ">= 10"
			}
		},
		"node_modules/koa-convert/node_modules/co": {
			"version": "4.6.0",
			"license": "MIT",
			"engines": {
				"iojs": ">= 1.0.0",
				"node": ">= 0.12.0"
			}
		},
		"node_modules/koa/node_modules/http-errors": {
			"version": "1.8.1",
			"resolved": "https://registry.npmjs.org/http-errors/-/http-errors-1.8.1.tgz",
			"integrity": "sha512-Kpk9Sm7NmI+RHhnj6OIWDI1d6fIoFAtFt9RLaTMRlg/8w49juAStsrBgp0Dp4OdxdVbRIeKhtCUvoi/RuAhO4g==",
			"dependencies": {
				"depd": "~1.1.2",
				"inherits": "2.0.4",
				"setprototypeof": "1.2.0",
				"statuses": ">= 1.5.0 < 2",
				"toidentifier": "1.0.1"
			},
			"engines": {
				"node": ">= 0.6"
			}
		},
		"node_modules/koa/node_modules/http-errors/node_modules/depd": {
			"version": "1.1.2",
			"resolved": "https://registry.npmjs.org/depd/-/depd-1.1.2.tgz",
			"integrity": "sha512-7emPTl6Dpo6JRXOXjLRxck+FlLRX5847cLKEn00PLAgc3g2hTZZgr+e4c2v6QpSmLeFP3n5yUo7ft6avBK/5jQ==",
			"engines": {
				"node": ">= 0.6"
			}
		},
		"node_modules/koa/node_modules/statuses": {
			"version": "1.5.0",
			"resolved": "https://registry.npmjs.org/statuses/-/statuses-1.5.0.tgz",
			"integrity": "sha512-OpZ3zP+jT1PI7I8nemJX4AKmAX070ZkYPVWV/AaKTJl+tXCTGyVdC1a4SL8RUQYEwk/f34ZX8UTykN68FwrqAA==",
			"engines": {
				"node": ">= 0.6"
			}
		},
		"node_modules/make-error": {
			"version": "1.3.6",
			"dev": true,
			"license": "ISC"
		},
		"node_modules/methods": {
			"version": "1.1.2",
			"license": "MIT",
			"engines": {
				"node": ">= 0.6"
			}
		},
		"node_modules/mime-db": {
			"version": "1.52.0",
			"license": "MIT",
			"engines": {
				"node": ">= 0.6"
			}
		},
		"node_modules/mime-types": {
			"version": "2.1.35",
			"license": "MIT",
			"dependencies": {
				"mime-db": "1.52.0"
			},
			"engines": {
				"node": ">= 0.6"
			}
		},
		"node_modules/ms": {
			"version": "2.1.2",
			"license": "MIT"
		},
		"node_modules/negotiator": {
			"version": "0.6.3",
			"license": "MIT",
			"engines": {
				"node": ">= 0.6"
			}
		},
		"node_modules/on-finished": {
			"version": "2.4.1",
			"license": "MIT",
			"dependencies": {
				"ee-first": "1.1.1"
			},
			"engines": {
				"node": ">= 0.8"
			}
		},
		"node_modules/on-finished/node_modules/ee-first": {
			"version": "1.1.1",
			"license": "MIT"
		},
		"node_modules/only": {
			"version": "0.0.2"
		},
		"node_modules/parseurl": {
			"version": "1.3.3",
			"license": "MIT",
			"engines": {
				"node": ">= 0.8"
			}
		},
		"node_modules/path-to-regexp": {
			"version": "6.2.1",
			"license": "MIT"
		},
		"node_modules/prettier": {
			"version": "3.0.0",
			"resolved": "https://repo.forge.lmig.com/api/npm/npm/prettier/-/prettier-3.0.0.tgz",
			"integrity": "sha512-zBf5eHpwHOGPC47h0zrPyNn+eAEIdEzfywMoYn2XPi0P44Zp0tSq64rq0xAREh4auw2cJZHo9QUob+NqCQky4g==",
			"dev": true,
			"license": "MIT",
			"bin": {
				"prettier": "bin/prettier.cjs"
			},
			"engines": {
				"node": ">=14"
			},
			"funding": {
				"url": "https://github.com/prettier/prettier?sponsor=1"
			}
		},
		"node_modules/safe-buffer": {
			"version": "5.2.1",
			"funding": [
				{
					"type": "github",
					"url": "https://github.com/sponsors/feross"
				},
				{
					"type": "patreon",
					"url": "https://www.patreon.com/feross"
				},
				{
					"type": "consulting",
					"url": "https://feross.org/support"
				}
			],
			"license": "MIT"
		},
		"node_modules/setprototypeof": {
			"version": "1.2.0",
			"resolved": "https://registry.npmjs.org/setprototypeof/-/setprototypeof-1.2.0.tgz",
			"integrity": "sha512-E5LDX7Wrp85Kil5bhZv46j8jOeboKq5JMmYM3gVGdGH8xFpPWXUMsNrlODCrkoxMEeNi/XZIwuRvY4XNwYMJpw=="
		},
		"node_modules/statuses": {
			"version": "2.0.1",
			"license": "MIT",
			"engines": {
				"node": ">= 0.8"
			}
		},
		"node_modules/toidentifier": {
			"version": "1.0.1",
			"resolved": "https://registry.npmjs.org/toidentifier/-/toidentifier-1.0.1.tgz",
			"integrity": "sha512-o5sSPKEkg/DIQNmH43V0/uerLrpzVedkUh8tGNvaeXpfpuwjKenlSox/2O/BTlZUtEe+JG7s5YhEz608PlAHRA==",
			"engines": {
				"node": ">=0.6"
			}
		},
		"node_modules/ts-node": {
			"version": "10.9.1",
			"dev": true,
			"license": "MIT",
			"dependencies": {
				"@cspotcode/source-map-support": "^0.8.0",
				"@tsconfig/node10": "^1.0.7",
				"@tsconfig/node12": "^1.0.7",
				"@tsconfig/node14": "^1.0.0",
				"@tsconfig/node16": "^1.0.2",
				"acorn": "^8.4.1",
				"acorn-walk": "^8.1.1",
				"arg": "^4.1.0",
				"create-require": "^1.1.0",
				"diff": "^4.0.1",
				"make-error": "^1.1.1",
				"v8-compile-cache-lib": "^3.0.1",
				"yn": "3.1.1"
			},
			"bin": {
				"ts-node": "dist/bin.js",
				"ts-node-cwd": "dist/bin-cwd.js",
				"ts-node-esm": "dist/bin-esm.js",
				"ts-node-script": "dist/bin-script.js",
				"ts-node-transpile-only": "dist/bin-transpile.js",
				"ts-script": "dist/bin-script-deprecated.js"
			},
			"peerDependencies": {
				"@swc/core": ">=1.2.50",
				"@swc/wasm": ">=1.2.50",
				"@types/node": "*",
				"typescript": ">=2.7"
			},
			"peerDependenciesMeta": {
				"@swc/core": {
					"optional": true
				},
				"@swc/wasm": {
					"optional": true
				}
			}
		},
		"node_modules/type-is": {
			"version": "1.6.18",
			"license": "MIT",
			"dependencies": {
				"media-typer": "0.3.0",
				"mime-types": "~2.1.24"
			},
			"engines": {
				"node": ">= 0.6"
			}
		},
		"node_modules/type-is/node_modules/media-typer": {
			"version": "0.3.0",
			"license": "MIT",
			"engines": {
				"node": ">= 0.6"
			}
		},
		"node_modules/typescript": {
			"version": "5.1.6",
			"resolved": "https://repo.forge.lmig.com/api/npm/npm/typescript/-/typescript-5.1.6.tgz",
			"integrity": "sha512-zaWCozRZ6DLEWAWFrVDz1H6FVXzUSfTy5FUMWsQlU8Ym5JP9eO4xkTIROFCQvhQf61z6O/G6ugw3SgAnvvm+HA==",
			"dev": true,
			"license": "Apache-2.0",
			"bin": {
				"tsc": "bin/tsc",
				"tsserver": "bin/tsserver"
			},
			"engines": {
				"node": ">=14.17"
			}
		},
		"node_modules/v8-compile-cache-lib": {
			"version": "3.0.1",
			"dev": true,
			"license": "MIT"
		},
		"node_modules/vary": {
			"version": "1.1.2",
			"license": "MIT",
			"engines": {
				"node": ">= 0.8"
			}
		},
		"node_modules/yn": {
			"version": "3.1.1",
			"dev": true,
			"license": "MIT",
			"engines": {
				"node": ">=6"
			}
		},
		"node_modules/zod": {
			"version": "3.21.4",
			"license": "MIT",
			"funding": {
				"url": "https://github.com/sponsors/colinhacks"
			}
		}
	}
}
